PODS:
  - Masonry (1.1.0)
  - MJRefresh (3.7.9)
  - TFYOCPanlModel (1.6.5):
    - TFYOCPanlModel/include (= 1.6.5)
    - TFYOCPanlModel/popController (= 1.6.5)
    - TFYOCPanlModel/popView (= 1.6.5)
    - TFYOCPanlModel/Tools (= 1.6.5)
  - TFYOCPanlModel/include (1.6.5):
    - TFYOCPanlModel/popController
    - TFYOCPanlModel/popView
  - TFYOCPanlModel/popController (1.6.5):
    - TFYOCPanlModel/Tools
  - TFYOCPanlModel/popView (1.6.5)
  - TFYOCPanlModel/Tools (1.6.5)

DEPENDENCIES:
  - Masonry
  - MJRefresh
  - TFYOCPanlModel (from `.`)

SPEC REPOS:
  https://github.com/CocoaPods/Specs.git:
    - Masonry
    - MJRefresh

EXTERNAL SOURCES:
  TFYOCPanlModel:
    :path: "."

SPEC CHECKSUMS:
  Masonry: 678fab65091a9290e40e2832a55e7ab731aad201
  MJRefresh: ff9e531227924c84ce459338414550a05d2aea78
  TFYOCPanlModel: 65e3edce8b427619ae24c52dbc45ce9bc78bbfed

PODFILE CHECKSUM: 74803c4ca600faa9f17daf5fdb939e46d40331ca

COCOAPODS: 1.16.2
