// !$*UTF8*$!
{
	archiveVersion = 1;
	classes = {
	};
	objectVersion = 77;
	objects = {

/* Begin PBXBuildFile section */
		04CF0FEA9C02623831ED5F77 /* Pods_TFYOCPanModelDemo.framework in Frameworks */ = {isa = PBXBuildFile; fileRef = CC41CBC433DB183A92B76571 /* Pods_TFYOCPanModelDemo.framework */; };
		8D61CB2576C75BD5A8A5B648 /* Pods_TFYOCPanModelDemo_TFYOCPanModelDemoUITests.framework in Frameworks */ = {isa = PBXBuildFile; fileRef = ABD53486F66127B05A359E19 /* Pods_TFYOCPanModelDemo_TFYOCPanModelDemoUITests.framework */; };
		DC5A96AB6FAF739B2C23C755 /* Pods_TFYOCPanModelDemoTests.framework in Frameworks */ = {isa = PBXBuildFile; fileRef = 14493363E23A076FDC83D512 /* Pods_TFYOCPanModelDemoTests.framework */; };
/* End PBXBuildFile section */

/* Begin PBXContainerItemProxy section */
		849928472E2679D40069E0F2 /* PBXContainerItemProxy */ = {
			isa = PBXContainerItemProxy;
			containerPortal = 849928232E2679D20069E0F2 /* Project object */;
			proxyType = 1;
			remoteGlobalIDString = 8499282A2E2679D20069E0F2;
			remoteInfo = TFYOCPanModelDemo;
		};
		849928512E2679D40069E0F2 /* PBXContainerItemProxy */ = {
			isa = PBXContainerItemProxy;
			containerPortal = 849928232E2679D20069E0F2 /* Project object */;
			proxyType = 1;
			remoteGlobalIDString = 8499282A2E2679D20069E0F2;
			remoteInfo = TFYOCPanModelDemo;
		};
/* End PBXContainerItemProxy section */

/* Begin PBXFileReference section */
		14493363E23A076FDC83D512 /* Pods_TFYOCPanModelDemoTests.framework */ = {isa = PBXFileReference; explicitFileType = wrapper.framework; includeInIndex = 0; path = Pods_TFYOCPanModelDemoTests.framework; sourceTree = BUILT_PRODUCTS_DIR; };
		1CB6F66FEAAFDE72AE1B4A53 /* Pods-TFYOCPanModelDemoTests.release.xcconfig */ = {isa = PBXFileReference; includeInIndex = 1; lastKnownFileType = text.xcconfig; name = "Pods-TFYOCPanModelDemoTests.release.xcconfig"; path = "Target Support Files/Pods-TFYOCPanModelDemoTests/Pods-TFYOCPanModelDemoTests.release.xcconfig"; sourceTree = "<group>"; };
		1EC2DF83C8E8A6972FB55732 /* Pods-TFYOCPanModelDemo.debug.xcconfig */ = {isa = PBXFileReference; includeInIndex = 1; lastKnownFileType = text.xcconfig; name = "Pods-TFYOCPanModelDemo.debug.xcconfig"; path = "Target Support Files/Pods-TFYOCPanModelDemo/Pods-TFYOCPanModelDemo.debug.xcconfig"; sourceTree = "<group>"; };
		204A136F1AA92DEB1490DC26 /* Pods-TFYOCPanModelDemoTests.debug.xcconfig */ = {isa = PBXFileReference; includeInIndex = 1; lastKnownFileType = text.xcconfig; name = "Pods-TFYOCPanModelDemoTests.debug.xcconfig"; path = "Target Support Files/Pods-TFYOCPanModelDemoTests/Pods-TFYOCPanModelDemoTests.debug.xcconfig"; sourceTree = "<group>"; };
		53FD778F498005D34D01E31A /* Pods-TFYOCPanModelDemo.release.xcconfig */ = {isa = PBXFileReference; includeInIndex = 1; lastKnownFileType = text.xcconfig; name = "Pods-TFYOCPanModelDemo.release.xcconfig"; path = "Target Support Files/Pods-TFYOCPanModelDemo/Pods-TFYOCPanModelDemo.release.xcconfig"; sourceTree = "<group>"; };
		551B85C5C99FA57D156C41FF /* Pods-TFYOCPanModelDemo-TFYOCPanModelDemoUITests.debug.xcconfig */ = {isa = PBXFileReference; includeInIndex = 1; lastKnownFileType = text.xcconfig; name = "Pods-TFYOCPanModelDemo-TFYOCPanModelDemoUITests.debug.xcconfig"; path = "Target Support Files/Pods-TFYOCPanModelDemo-TFYOCPanModelDemoUITests/Pods-TFYOCPanModelDemo-TFYOCPanModelDemoUITests.debug.xcconfig"; sourceTree = "<group>"; };
		8499282B2E2679D20069E0F2 /* TFYOCPanModelDemo.app */ = {isa = PBXFileReference; explicitFileType = wrapper.application; includeInIndex = 0; path = TFYOCPanModelDemo.app; sourceTree = BUILT_PRODUCTS_DIR; };
		849928462E2679D40069E0F2 /* TFYOCPanModelDemoTests.xctest */ = {isa = PBXFileReference; explicitFileType = wrapper.cfbundle; includeInIndex = 0; path = TFYOCPanModelDemoTests.xctest; sourceTree = BUILT_PRODUCTS_DIR; };
		849928502E2679D40069E0F2 /* TFYOCPanModelDemoUITests.xctest */ = {isa = PBXFileReference; explicitFileType = wrapper.cfbundle; includeInIndex = 0; path = TFYOCPanModelDemoUITests.xctest; sourceTree = BUILT_PRODUCTS_DIR; };
		A836CC9FBA35F1F345BD2DB6 /* Pods-TFYOCPanModelDemo-TFYOCPanModelDemoUITests.release.xcconfig */ = {isa = PBXFileReference; includeInIndex = 1; lastKnownFileType = text.xcconfig; name = "Pods-TFYOCPanModelDemo-TFYOCPanModelDemoUITests.release.xcconfig"; path = "Target Support Files/Pods-TFYOCPanModelDemo-TFYOCPanModelDemoUITests/Pods-TFYOCPanModelDemo-TFYOCPanModelDemoUITests.release.xcconfig"; sourceTree = "<group>"; };
		ABD53486F66127B05A359E19 /* Pods_TFYOCPanModelDemo_TFYOCPanModelDemoUITests.framework */ = {isa = PBXFileReference; explicitFileType = wrapper.framework; includeInIndex = 0; path = Pods_TFYOCPanModelDemo_TFYOCPanModelDemoUITests.framework; sourceTree = BUILT_PRODUCTS_DIR; };
		CC41CBC433DB183A92B76571 /* Pods_TFYOCPanModelDemo.framework */ = {isa = PBXFileReference; explicitFileType = wrapper.framework; includeInIndex = 0; path = Pods_TFYOCPanModelDemo.framework; sourceTree = BUILT_PRODUCTS_DIR; };
/* End PBXFileReference section */

/* Begin PBXFileSystemSynchronizedBuildFileExceptionSet section */
		849928582E2679D40069E0F2 /* Exceptions for "TFYOCPanModelDemo" folder in "TFYOCPanModelDemo" target */ = {
			isa = PBXFileSystemSynchronizedBuildFileExceptionSet;
			membershipExceptions = (
				Example/Resources/Info.plist,
			);
			target = 8499282A2E2679D20069E0F2 /* TFYOCPanModelDemo */;
		};
/* End PBXFileSystemSynchronizedBuildFileExceptionSet section */

/* Begin PBXFileSystemSynchronizedRootGroup section */
		8499282D2E2679D20069E0F2 /* TFYOCPanModelDemo */ = {
			isa = PBXFileSystemSynchronizedRootGroup;
			exceptions = (
				849928582E2679D40069E0F2 /* Exceptions for "TFYOCPanModelDemo" folder in "TFYOCPanModelDemo" target */,
			);
			path = TFYOCPanModelDemo;
			sourceTree = "<group>";
		};
		849928492E2679D40069E0F2 /* TFYOCPanModelDemoTests */ = {
			isa = PBXFileSystemSynchronizedRootGroup;
			path = TFYOCPanModelDemoTests;
			sourceTree = "<group>";
		};
		849928532E2679D40069E0F2 /* TFYOCPanModelDemoUITests */ = {
			isa = PBXFileSystemSynchronizedRootGroup;
			path = TFYOCPanModelDemoUITests;
			sourceTree = "<group>";
		};
/* End PBXFileSystemSynchronizedRootGroup section */

/* Begin PBXFrameworksBuildPhase section */
		849928282E2679D20069E0F2 /* Frameworks */ = {
			isa = PBXFrameworksBuildPhase;
			buildActionMask = 2147483647;
			files = (
				04CF0FEA9C02623831ED5F77 /* Pods_TFYOCPanModelDemo.framework in Frameworks */,
			);
			runOnlyForDeploymentPostprocessing = 0;
		};
		849928432E2679D40069E0F2 /* Frameworks */ = {
			isa = PBXFrameworksBuildPhase;
			buildActionMask = 2147483647;
			files = (
				DC5A96AB6FAF739B2C23C755 /* Pods_TFYOCPanModelDemoTests.framework in Frameworks */,
			);
			runOnlyForDeploymentPostprocessing = 0;
		};
		8499284D2E2679D40069E0F2 /* Frameworks */ = {
			isa = PBXFrameworksBuildPhase;
			buildActionMask = 2147483647;
			files = (
				8D61CB2576C75BD5A8A5B648 /* Pods_TFYOCPanModelDemo_TFYOCPanModelDemoUITests.framework in Frameworks */,
			);
			runOnlyForDeploymentPostprocessing = 0;
		};
/* End PBXFrameworksBuildPhase section */

/* Begin PBXGroup section */
		5BE7176562B8F0281D7DA3C2 /* Pods */ = {
			isa = PBXGroup;
			children = (
				1EC2DF83C8E8A6972FB55732 /* Pods-TFYOCPanModelDemo.debug.xcconfig */,
				53FD778F498005D34D01E31A /* Pods-TFYOCPanModelDemo.release.xcconfig */,
				551B85C5C99FA57D156C41FF /* Pods-TFYOCPanModelDemo-TFYOCPanModelDemoUITests.debug.xcconfig */,
				A836CC9FBA35F1F345BD2DB6 /* Pods-TFYOCPanModelDemo-TFYOCPanModelDemoUITests.release.xcconfig */,
				204A136F1AA92DEB1490DC26 /* Pods-TFYOCPanModelDemoTests.debug.xcconfig */,
				1CB6F66FEAAFDE72AE1B4A53 /* Pods-TFYOCPanModelDemoTests.release.xcconfig */,
			);
			path = Pods;
			sourceTree = "<group>";
		};
		849928222E2679D20069E0F2 = {
			isa = PBXGroup;
			children = (
				8499282D2E2679D20069E0F2 /* TFYOCPanModelDemo */,
				849928492E2679D40069E0F2 /* TFYOCPanModelDemoTests */,
				849928532E2679D40069E0F2 /* TFYOCPanModelDemoUITests */,
				8499282C2E2679D20069E0F2 /* Products */,
				5BE7176562B8F0281D7DA3C2 /* Pods */,
				8DF17B0A630BBE18691FD084 /* Frameworks */,
			);
			sourceTree = "<group>";
		};
		8499282C2E2679D20069E0F2 /* Products */ = {
			isa = PBXGroup;
			children = (
				8499282B2E2679D20069E0F2 /* TFYOCPanModelDemo.app */,
				849928462E2679D40069E0F2 /* TFYOCPanModelDemoTests.xctest */,
				849928502E2679D40069E0F2 /* TFYOCPanModelDemoUITests.xctest */,
			);
			name = Products;
			sourceTree = "<group>";
		};
		8DF17B0A630BBE18691FD084 /* Frameworks */ = {
			isa = PBXGroup;
			children = (
				CC41CBC433DB183A92B76571 /* Pods_TFYOCPanModelDemo.framework */,
				ABD53486F66127B05A359E19 /* Pods_TFYOCPanModelDemo_TFYOCPanModelDemoUITests.framework */,
				14493363E23A076FDC83D512 /* Pods_TFYOCPanModelDemoTests.framework */,
			);
			name = Frameworks;
			sourceTree = "<group>";
		};
/* End PBXGroup section */

/* Begin PBXNativeTarget section */
		8499282A2E2679D20069E0F2 /* TFYOCPanModelDemo */ = {
			isa = PBXNativeTarget;
			buildConfigurationList = 849928592E2679D40069E0F2 /* Build configuration list for PBXNativeTarget "TFYOCPanModelDemo" */;
			buildPhases = (
				2F98FDA0D329A7515C26DEE9 /* [CP] Check Pods Manifest.lock */,
				849928272E2679D20069E0F2 /* Sources */,
				849928282E2679D20069E0F2 /* Frameworks */,
				849928292E2679D20069E0F2 /* Resources */,
				C6B688C7B76114A75D74F400 /* [CP] Embed Pods Frameworks */,
			);
			buildRules = (
			);
			dependencies = (
			);
			fileSystemSynchronizedGroups = (
				8499282D2E2679D20069E0F2 /* TFYOCPanModelDemo */,
			);
			name = TFYOCPanModelDemo;
			productName = TFYOCPanModelDemo;
			productReference = 8499282B2E2679D20069E0F2 /* TFYOCPanModelDemo.app */;
			productType = "com.apple.product-type.application";
		};
		849928452E2679D40069E0F2 /* TFYOCPanModelDemoTests */ = {
			isa = PBXNativeTarget;
			buildConfigurationList = 8499285E2E2679D40069E0F2 /* Build configuration list for PBXNativeTarget "TFYOCPanModelDemoTests" */;
			buildPhases = (
				D60F5573C2D1FED9D9B34630 /* [CP] Check Pods Manifest.lock */,
				849928422E2679D40069E0F2 /* Sources */,
				849928432E2679D40069E0F2 /* Frameworks */,
				849928442E2679D40069E0F2 /* Resources */,
			);
			buildRules = (
			);
			dependencies = (
				849928482E2679D40069E0F2 /* PBXTargetDependency */,
			);
			fileSystemSynchronizedGroups = (
				849928492E2679D40069E0F2 /* TFYOCPanModelDemoTests */,
			);
			name = TFYOCPanModelDemoTests;
			productName = TFYOCPanModelDemoTests;
			productReference = 849928462E2679D40069E0F2 /* TFYOCPanModelDemoTests.xctest */;
			productType = "com.apple.product-type.bundle.unit-test";
		};
		8499284F2E2679D40069E0F2 /* TFYOCPanModelDemoUITests */ = {
			isa = PBXNativeTarget;
			buildConfigurationList = 849928612E2679D40069E0F2 /* Build configuration list for PBXNativeTarget "TFYOCPanModelDemoUITests" */;
			buildPhases = (
				B5FDB081C4862CA2BD1CD724 /* [CP] Check Pods Manifest.lock */,
				8499284C2E2679D40069E0F2 /* Sources */,
				8499284D2E2679D40069E0F2 /* Frameworks */,
				8499284E2E2679D40069E0F2 /* Resources */,
				B9B787318B9F616FEFF76E0F /* [CP] Embed Pods Frameworks */,
			);
			buildRules = (
			);
			dependencies = (
				849928522E2679D40069E0F2 /* PBXTargetDependency */,
			);
			fileSystemSynchronizedGroups = (
				849928532E2679D40069E0F2 /* TFYOCPanModelDemoUITests */,
			);
			name = TFYOCPanModelDemoUITests;
			productName = TFYOCPanModelDemoUITests;
			productReference = 849928502E2679D40069E0F2 /* TFYOCPanModelDemoUITests.xctest */;
			productType = "com.apple.product-type.bundle.ui-testing";
		};
/* End PBXNativeTarget section */

/* Begin PBXProject section */
		849928232E2679D20069E0F2 /* Project object */ = {
			isa = PBXProject;
			attributes = {
				BuildIndependentTargetsInParallel = 1;
				LastUpgradeCheck = 2610;
				TargetAttributes = {
					8499282A2E2679D20069E0F2 = {
						CreatedOnToolsVersion = 16.4;
					};
					849928452E2679D40069E0F2 = {
						CreatedOnToolsVersion = 16.4;
						TestTargetID = 8499282A2E2679D20069E0F2;
					};
					8499284F2E2679D40069E0F2 = {
						CreatedOnToolsVersion = 16.4;
						TestTargetID = 8499282A2E2679D20069E0F2;
					};
				};
			};
			buildConfigurationList = 849928262E2679D20069E0F2 /* Build configuration list for PBXProject "TFYOCPanModelDemo" */;
			developmentRegion = en;
			hasScannedForEncodings = 0;
			knownRegions = (
				en,
				Base,
			);
			mainGroup = 849928222E2679D20069E0F2;
			minimizedProjectReferenceProxies = 1;
			preferredProjectObjectVersion = 77;
			productRefGroup = 8499282C2E2679D20069E0F2 /* Products */;
			projectDirPath = "";
			projectRoot = "";
			targets = (
				8499282A2E2679D20069E0F2 /* TFYOCPanModelDemo */,
				849928452E2679D40069E0F2 /* TFYOCPanModelDemoTests */,
				8499284F2E2679D40069E0F2 /* TFYOCPanModelDemoUITests */,
			);
		};
/* End PBXProject section */

/* Begin PBXResourcesBuildPhase section */
		849928292E2679D20069E0F2 /* Resources */ = {
			isa = PBXResourcesBuildPhase;
			buildActionMask = 2147483647;
			files = (
			);
			runOnlyForDeploymentPostprocessing = 0;
		};
		849928442E2679D40069E0F2 /* Resources */ = {
			isa = PBXResourcesBuildPhase;
			buildActionMask = 2147483647;
			files = (
			);
			runOnlyForDeploymentPostprocessing = 0;
		};
		8499284E2E2679D40069E0F2 /* Resources */ = {
			isa = PBXResourcesBuildPhase;
			buildActionMask = 2147483647;
			files = (
			);
			runOnlyForDeploymentPostprocessing = 0;
		};
/* End PBXResourcesBuildPhase section */

/* Begin PBXShellScriptBuildPhase section */
		2F98FDA0D329A7515C26DEE9 /* [CP] Check Pods Manifest.lock */ = {
			isa = PBXShellScriptBuildPhase;
			buildActionMask = 2147483647;
			files = (
			);
			inputFileListPaths = (
			);
			inputPaths = (
				"${PODS_PODFILE_DIR_PATH}/Podfile.lock",
				"${PODS_ROOT}/Manifest.lock",
			);
			name = "[CP] Check Pods Manifest.lock";
			outputFileListPaths = (
			);
			outputPaths = (
				"$(DERIVED_FILE_DIR)/Pods-TFYOCPanModelDemo-checkManifestLockResult.txt",
			);
			runOnlyForDeploymentPostprocessing = 0;
			shellPath = /bin/sh;
			shellScript = "diff \"${PODS_PODFILE_DIR_PATH}/Podfile.lock\" \"${PODS_ROOT}/Manifest.lock\" > /dev/null\nif [ $? != 0 ] ; then\n    # print error to STDERR\n    echo \"error: The sandbox is not in sync with the Podfile.lock. Run 'pod install' or update your CocoaPods installation.\" >&2\n    exit 1\nfi\n# This output is used by Xcode 'outputs' to avoid re-running this script phase.\necho \"SUCCESS\" > \"${SCRIPT_OUTPUT_FILE_0}\"\n";
			showEnvVarsInLog = 0;
		};
		B5FDB081C4862CA2BD1CD724 /* [CP] Check Pods Manifest.lock */ = {
			isa = PBXShellScriptBuildPhase;
			buildActionMask = 2147483647;
			files = (
			);
			inputFileListPaths = (
			);
			inputPaths = (
				"${PODS_PODFILE_DIR_PATH}/Podfile.lock",
				"${PODS_ROOT}/Manifest.lock",
			);
			name = "[CP] Check Pods Manifest.lock";
			outputFileListPaths = (
			);
			outputPaths = (
				"$(DERIVED_FILE_DIR)/Pods-TFYOCPanModelDemo-TFYOCPanModelDemoUITests-checkManifestLockResult.txt",
			);
			runOnlyForDeploymentPostprocessing = 0;
			shellPath = /bin/sh;
			shellScript = "diff \"${PODS_PODFILE_DIR_PATH}/Podfile.lock\" \"${PODS_ROOT}/Manifest.lock\" > /dev/null\nif [ $? != 0 ] ; then\n    # print error to STDERR\n    echo \"error: The sandbox is not in sync with the Podfile.lock. Run 'pod install' or update your CocoaPods installation.\" >&2\n    exit 1\nfi\n# This output is used by Xcode 'outputs' to avoid re-running this script phase.\necho \"SUCCESS\" > \"${SCRIPT_OUTPUT_FILE_0}\"\n";
			showEnvVarsInLog = 0;
		};
		B9B787318B9F616FEFF76E0F /* [CP] Embed Pods Frameworks */ = {
			isa = PBXShellScriptBuildPhase;
			buildActionMask = 2147483647;
			files = (
			);
			inputFileListPaths = (
				"${PODS_ROOT}/Target Support Files/Pods-TFYOCPanModelDemo-TFYOCPanModelDemoUITests/Pods-TFYOCPanModelDemo-TFYOCPanModelDemoUITests-frameworks-${CONFIGURATION}-input-files.xcfilelist",
			);
			inputPaths = (
			);
			name = "[CP] Embed Pods Frameworks";
			outputFileListPaths = (
				"${PODS_ROOT}/Target Support Files/Pods-TFYOCPanModelDemo-TFYOCPanModelDemoUITests/Pods-TFYOCPanModelDemo-TFYOCPanModelDemoUITests-frameworks-${CONFIGURATION}-output-files.xcfilelist",
			);
			outputPaths = (
			);
			runOnlyForDeploymentPostprocessing = 0;
			shellPath = /bin/sh;
			shellScript = "\"${PODS_ROOT}/Target Support Files/Pods-TFYOCPanModelDemo-TFYOCPanModelDemoUITests/Pods-TFYOCPanModelDemo-TFYOCPanModelDemoUITests-frameworks.sh\"\n";
			showEnvVarsInLog = 0;
		};
		C6B688C7B76114A75D74F400 /* [CP] Embed Pods Frameworks */ = {
			isa = PBXShellScriptBuildPhase;
			buildActionMask = 2147483647;
			files = (
			);
			inputFileListPaths = (
				"${PODS_ROOT}/Target Support Files/Pods-TFYOCPanModelDemo/Pods-TFYOCPanModelDemo-frameworks-${CONFIGURATION}-input-files.xcfilelist",
			);
			inputPaths = (
			);
			name = "[CP] Embed Pods Frameworks";
			outputFileListPaths = (
				"${PODS_ROOT}/Target Support Files/Pods-TFYOCPanModelDemo/Pods-TFYOCPanModelDemo-frameworks-${CONFIGURATION}-output-files.xcfilelist",
			);
			outputPaths = (
			);
			runOnlyForDeploymentPostprocessing = 0;
			shellPath = /bin/sh;
			shellScript = "\"${PODS_ROOT}/Target Support Files/Pods-TFYOCPanModelDemo/Pods-TFYOCPanModelDemo-frameworks.sh\"\n";
			showEnvVarsInLog = 0;
		};
		D60F5573C2D1FED9D9B34630 /* [CP] Check Pods Manifest.lock */ = {
			isa = PBXShellScriptBuildPhase;
			buildActionMask = 2147483647;
			files = (
			);
			inputFileListPaths = (
			);
			inputPaths = (
				"${PODS_PODFILE_DIR_PATH}/Podfile.lock",
				"${PODS_ROOT}/Manifest.lock",
			);
			name = "[CP] Check Pods Manifest.lock";
			outputFileListPaths = (
			);
			outputPaths = (
				"$(DERIVED_FILE_DIR)/Pods-TFYOCPanModelDemoTests-checkManifestLockResult.txt",
			);
			runOnlyForDeploymentPostprocessing = 0;
			shellPath = /bin/sh;
			shellScript = "diff \"${PODS_PODFILE_DIR_PATH}/Podfile.lock\" \"${PODS_ROOT}/Manifest.lock\" > /dev/null\nif [ $? != 0 ] ; then\n    # print error to STDERR\n    echo \"error: The sandbox is not in sync with the Podfile.lock. Run 'pod install' or update your CocoaPods installation.\" >&2\n    exit 1\nfi\n# This output is used by Xcode 'outputs' to avoid re-running this script phase.\necho \"SUCCESS\" > \"${SCRIPT_OUTPUT_FILE_0}\"\n";
			showEnvVarsInLog = 0;
		};
/* End PBXShellScriptBuildPhase section */

/* Begin PBXSourcesBuildPhase section */
		849928272E2679D20069E0F2 /* Sources */ = {
			isa = PBXSourcesBuildPhase;
			buildActionMask = 2147483647;
			files = (
			);
			runOnlyForDeploymentPostprocessing = 0;
		};
		849928422E2679D40069E0F2 /* Sources */ = {
			isa = PBXSourcesBuildPhase;
			buildActionMask = 2147483647;
			files = (
			);
			runOnlyForDeploymentPostprocessing = 0;
		};
		8499284C2E2679D40069E0F2 /* Sources */ = {
			isa = PBXSourcesBuildPhase;
			buildActionMask = 2147483647;
			files = (
			);
			runOnlyForDeploymentPostprocessing = 0;
		};
/* End PBXSourcesBuildPhase section */

/* Begin PBXTargetDependency section */
		849928482E2679D40069E0F2 /* PBXTargetDependency */ = {
			isa = PBXTargetDependency;
			target = 8499282A2E2679D20069E0F2 /* TFYOCPanModelDemo */;
			targetProxy = 849928472E2679D40069E0F2 /* PBXContainerItemProxy */;
		};
		849928522E2679D40069E0F2 /* PBXTargetDependency */ = {
			isa = PBXTargetDependency;
			target = 8499282A2E2679D20069E0F2 /* TFYOCPanModelDemo */;
			targetProxy = 849928512E2679D40069E0F2 /* PBXContainerItemProxy */;
		};
/* End PBXTargetDependency section */

/* Begin XCBuildConfiguration section */
		8499285A2E2679D40069E0F2 /* Debug */ = {
			isa = XCBuildConfiguration;
			baseConfigurationReference = 1EC2DF83C8E8A6972FB55732 /* Pods-TFYOCPanModelDemo.debug.xcconfig */;
			buildSettings = {
				ASSETCATALOG_COMPILER_APPICON_NAME = AppIcon;
				ASSETCATALOG_COMPILER_GLOBAL_ACCENT_COLOR_NAME = AccentColor;
				CODE_SIGN_STYLE = Automatic;
				CURRENT_PROJECT_VERSION = 1;
				DEVELOPMENT_TEAM = QH95759TSS;
				ENABLE_USER_SCRIPT_SANDBOXING = NO;
				GCC_PRECOMPILE_PREFIX_HEADER = YES;
				GCC_PREFIX_HEADER = TFYOCPanModelDemo/Example/Resources/PanModelPrefixHeader.pch;
				GENERATE_INFOPLIST_FILE = YES;
				INFOPLIST_FILE = TFYOCPanModelDemo/Example/Resources/Info.plist;
				INFOPLIST_KEY_UIApplicationSupportsIndirectInputEvents = YES;
				INFOPLIST_KEY_UILaunchStoryboardName = LaunchScreen;
				INFOPLIST_KEY_UIMainStoryboardFile = Main;
				INFOPLIST_KEY_UISupportedInterfaceOrientations_iPad = "UIInterfaceOrientationPortrait UIInterfaceOrientationPortraitUpsideDown UIInterfaceOrientationLandscapeLeft UIInterfaceOrientationLandscapeRight";
				INFOPLIST_KEY_UISupportedInterfaceOrientations_iPhone = "UIInterfaceOrientationPortrait UIInterfaceOrientationLandscapeLeft UIInterfaceOrientationLandscapeRight";
				IPHONEOS_DEPLOYMENT_TARGET = 15.0;
				LD_RUNPATH_SEARCH_PATHS = (
					"$(inherited)",
					"@executable_path/Frameworks",
				);
				MARKETING_VERSION = 1.0;
				PRODUCT_BUNDLE_IDENTIFIER = tfy.TFYOCPanModelDemo;
				PRODUCT_NAME = "$(TARGET_NAME)";
				SWIFT_EMIT_LOC_STRINGS = YES;
				SWIFT_VERSION = 5.0;
				TARGETED_DEVICE_FAMILY = "1,2";
			};
			name = Debug;
		};
		8499285B2E2679D40069E0F2 /* Release */ = {
			isa = XCBuildConfiguration;
			baseConfigurationReference = 53FD778F498005D34D01E31A /* Pods-TFYOCPanModelDemo.release.xcconfig */;
			buildSettings = {
				ASSETCATALOG_COMPILER_APPICON_NAME = AppIcon;
				ASSETCATALOG_COMPILER_GLOBAL_ACCENT_COLOR_NAME = AccentColor;
				CODE_SIGN_STYLE = Automatic;
				CURRENT_PROJECT_VERSION = 1;
				DEVELOPMENT_TEAM = QH95759TSS;
				ENABLE_USER_SCRIPT_SANDBOXING = NO;
				GCC_PRECOMPILE_PREFIX_HEADER = YES;
				GCC_PREFIX_HEADER = TFYOCPanModelDemo/Example/Resources/PanModelPrefixHeader.pch;
				GENERATE_INFOPLIST_FILE = YES;
				INFOPLIST_FILE = TFYOCPanModelDemo/Example/Resources/Info.plist;
				INFOPLIST_KEY_UIApplicationSupportsIndirectInputEvents = YES;
				INFOPLIST_KEY_UILaunchStoryboardName = LaunchScreen;
				INFOPLIST_KEY_UIMainStoryboardFile = Main;
				INFOPLIST_KEY_UISupportedInterfaceOrientations_iPad = "UIInterfaceOrientationPortrait UIInterfaceOrientationPortraitUpsideDown UIInterfaceOrientationLandscapeLeft UIInterfaceOrientationLandscapeRight";
				INFOPLIST_KEY_UISupportedInterfaceOrientations_iPhone = "UIInterfaceOrientationPortrait UIInterfaceOrientationLandscapeLeft UIInterfaceOrientationLandscapeRight";
				IPHONEOS_DEPLOYMENT_TARGET = 15.0;
				LD_RUNPATH_SEARCH_PATHS = (
					"$(inherited)",
					"@executable_path/Frameworks",
				);
				MARKETING_VERSION = 1.0;
				PRODUCT_BUNDLE_IDENTIFIER = tfy.TFYOCPanModelDemo;
				PRODUCT_NAME = "$(TARGET_NAME)";
				SWIFT_EMIT_LOC_STRINGS = YES;
				SWIFT_VERSION = 5.0;
				TARGETED_DEVICE_FAMILY = "1,2";
			};
			name = Release;
		};
		8499285C2E2679D40069E0F2 /* Debug */ = {
			isa = XCBuildConfiguration;
			buildSettings = {
				ALWAYS_SEARCH_USER_PATHS = NO;
				ASSETCATALOG_COMPILER_GENERATE_SWIFT_ASSET_SYMBOL_EXTENSIONS = YES;
				CLANG_ANALYZER_NONNULL = YES;
				CLANG_ANALYZER_NUMBER_OBJECT_CONVERSION = YES_AGGRESSIVE;
				CLANG_CXX_LANGUAGE_STANDARD = "gnu++20";
				CLANG_ENABLE_MODULES = YES;
				CLANG_ENABLE_OBJC_ARC = YES;
				CLANG_ENABLE_OBJC_WEAK = YES;
				CLANG_WARN_BLOCK_CAPTURE_AUTORELEASING = YES;
				CLANG_WARN_BOOL_CONVERSION = YES;
				CLANG_WARN_COMMA = YES;
				CLANG_WARN_CONSTANT_CONVERSION = YES;
				CLANG_WARN_DEPRECATED_OBJC_IMPLEMENTATIONS = YES;
				CLANG_WARN_DIRECT_OBJC_ISA_USAGE = YES_ERROR;
				CLANG_WARN_DOCUMENTATION_COMMENTS = YES;
				CLANG_WARN_EMPTY_BODY = YES;
				CLANG_WARN_ENUM_CONVERSION = YES;
				CLANG_WARN_INFINITE_RECURSION = YES;
				CLANG_WARN_INT_CONVERSION = YES;
				CLANG_WARN_NON_LITERAL_NULL_CONVERSION = YES;
				CLANG_WARN_OBJC_IMPLICIT_RETAIN_SELF = YES;
				CLANG_WARN_OBJC_LITERAL_CONVERSION = YES;
				CLANG_WARN_OBJC_ROOT_CLASS = YES_ERROR;
				CLANG_WARN_QUOTED_INCLUDE_IN_FRAMEWORK_HEADER = YES;
				CLANG_WARN_RANGE_LOOP_ANALYSIS = YES;
				CLANG_WARN_STRICT_PROTOTYPES = YES;
				CLANG_WARN_SUSPICIOUS_MOVE = YES;
				CLANG_WARN_UNGUARDED_AVAILABILITY = YES_AGGRESSIVE;
				CLANG_WARN_UNREACHABLE_CODE = YES;
				CLANG_WARN__DUPLICATE_METHOD_MATCH = YES;
				COPY_PHASE_STRIP = NO;
				DEBUG_INFORMATION_FORMAT = dwarf;
				DEVELOPMENT_TEAM = QH95759TSS;
				ENABLE_STRICT_OBJC_MSGSEND = YES;
				ENABLE_TESTABILITY = YES;
				ENABLE_USER_SCRIPT_SANDBOXING = YES;
				GCC_C_LANGUAGE_STANDARD = gnu17;
				GCC_DYNAMIC_NO_PIC = NO;
				GCC_NO_COMMON_BLOCKS = YES;
				GCC_OPTIMIZATION_LEVEL = 0;
				GCC_PREPROCESSOR_DEFINITIONS = (
					"DEBUG=1",
					"$(inherited)",
				);
				GCC_WARN_64_TO_32_BIT_CONVERSION = YES;
				GCC_WARN_ABOUT_RETURN_TYPE = YES_ERROR;
				GCC_WARN_UNDECLARED_SELECTOR = YES;
				GCC_WARN_UNINITIALIZED_AUTOS = YES_AGGRESSIVE;
				GCC_WARN_UNUSED_FUNCTION = YES;
				GCC_WARN_UNUSED_VARIABLE = YES;
				IPHONEOS_DEPLOYMENT_TARGET = 18.5;
				LOCALIZATION_PREFERS_STRING_CATALOGS = YES;
				MTL_ENABLE_DEBUG_INFO = INCLUDE_SOURCE;
				MTL_FAST_MATH = YES;
				ONLY_ACTIVE_ARCH = YES;
				SDKROOT = iphoneos;
				STRING_CATALOG_GENERATE_SYMBOLS = YES;
			};
			name = Debug;
		};
		8499285D2E2679D40069E0F2 /* Release */ = {
			isa = XCBuildConfiguration;
			buildSettings = {
				ALWAYS_SEARCH_USER_PATHS = NO;
				ASSETCATALOG_COMPILER_GENERATE_SWIFT_ASSET_SYMBOL_EXTENSIONS = YES;
				CLANG_ANALYZER_NONNULL = YES;
				CLANG_ANALYZER_NUMBER_OBJECT_CONVERSION = YES_AGGRESSIVE;
				CLANG_CXX_LANGUAGE_STANDARD = "gnu++20";
				CLANG_ENABLE_MODULES = YES;
				CLANG_ENABLE_OBJC_ARC = YES;
				CLANG_ENABLE_OBJC_WEAK = YES;
				CLANG_WARN_BLOCK_CAPTURE_AUTORELEASING = YES;
				CLANG_WARN_BOOL_CONVERSION = YES;
				CLANG_WARN_COMMA = YES;
				CLANG_WARN_CONSTANT_CONVERSION = YES;
				CLANG_WARN_DEPRECATED_OBJC_IMPLEMENTATIONS = YES;
				CLANG_WARN_DIRECT_OBJC_ISA_USAGE = YES_ERROR;
				CLANG_WARN_DOCUMENTATION_COMMENTS = YES;
				CLANG_WARN_EMPTY_BODY = YES;
				CLANG_WARN_ENUM_CONVERSION = YES;
				CLANG_WARN_INFINITE_RECURSION = YES;
				CLANG_WARN_INT_CONVERSION = YES;
				CLANG_WARN_NON_LITERAL_NULL_CONVERSION = YES;
				CLANG_WARN_OBJC_IMPLICIT_RETAIN_SELF = YES;
				CLANG_WARN_OBJC_LITERAL_CONVERSION = YES;
				CLANG_WARN_OBJC_ROOT_CLASS = YES_ERROR;
				CLANG_WARN_QUOTED_INCLUDE_IN_FRAMEWORK_HEADER = YES;
				CLANG_WARN_RANGE_LOOP_ANALYSIS = YES;
				CLANG_WARN_STRICT_PROTOTYPES = YES;
				CLANG_WARN_SUSPICIOUS_MOVE = YES;
				CLANG_WARN_UNGUARDED_AVAILABILITY = YES_AGGRESSIVE;
				CLANG_WARN_UNREACHABLE_CODE = YES;
				CLANG_WARN__DUPLICATE_METHOD_MATCH = YES;
				COPY_PHASE_STRIP = NO;
				DEBUG_INFORMATION_FORMAT = "dwarf-with-dsym";
				DEVELOPMENT_TEAM = QH95759TSS;
				ENABLE_NS_ASSERTIONS = NO;
				ENABLE_STRICT_OBJC_MSGSEND = YES;
				ENABLE_USER_SCRIPT_SANDBOXING = YES;
				GCC_C_LANGUAGE_STANDARD = gnu17;
				GCC_NO_COMMON_BLOCKS = YES;
				GCC_WARN_64_TO_32_BIT_CONVERSION = YES;
				GCC_WARN_ABOUT_RETURN_TYPE = YES_ERROR;
				GCC_WARN_UNDECLARED_SELECTOR = YES;
				GCC_WARN_UNINITIALIZED_AUTOS = YES_AGGRESSIVE;
				GCC_WARN_UNUSED_FUNCTION = YES;
				GCC_WARN_UNUSED_VARIABLE = YES;
				IPHONEOS_DEPLOYMENT_TARGET = 18.5;
				LOCALIZATION_PREFERS_STRING_CATALOGS = YES;
				MTL_ENABLE_DEBUG_INFO = NO;
				MTL_FAST_MATH = YES;
				SDKROOT = iphoneos;
				STRING_CATALOG_GENERATE_SYMBOLS = YES;
				VALIDATE_PRODUCT = YES;
			};
			name = Release;
		};
		8499285F2E2679D40069E0F2 /* Debug */ = {
			isa = XCBuildConfiguration;
			baseConfigurationReference = 204A136F1AA92DEB1490DC26 /* Pods-TFYOCPanModelDemoTests.debug.xcconfig */;
			buildSettings = {
				BUNDLE_LOADER = "$(TEST_HOST)";
				CODE_SIGN_STYLE = Automatic;
				CURRENT_PROJECT_VERSION = 1;
				DEVELOPMENT_TEAM = QH95759TSS;
				GENERATE_INFOPLIST_FILE = YES;
				IPHONEOS_DEPLOYMENT_TARGET = 15.0;
				MARKETING_VERSION = 1.0;
				PRODUCT_BUNDLE_IDENTIFIER = tfy.TFYOCPanModelDemoTests;
				PRODUCT_NAME = "$(TARGET_NAME)";
				SWIFT_EMIT_LOC_STRINGS = NO;
				TARGETED_DEVICE_FAMILY = "1,2";
				TEST_HOST = "$(BUILT_PRODUCTS_DIR)/TFYOCPanModelDemo.app/$(BUNDLE_EXECUTABLE_FOLDER_PATH)/TFYOCPanModelDemo";
			};
			name = Debug;
		};
		849928602E2679D40069E0F2 /* Release */ = {
			isa = XCBuildConfiguration;
			baseConfigurationReference = 1CB6F66FEAAFDE72AE1B4A53 /* Pods-TFYOCPanModelDemoTests.release.xcconfig */;
			buildSettings = {
				BUNDLE_LOADER = "$(TEST_HOST)";
				CODE_SIGN_STYLE = Automatic;
				CURRENT_PROJECT_VERSION = 1;
				DEVELOPMENT_TEAM = QH95759TSS;
				GENERATE_INFOPLIST_FILE = YES;
				IPHONEOS_DEPLOYMENT_TARGET = 15.0;
				MARKETING_VERSION = 1.0;
				PRODUCT_BUNDLE_IDENTIFIER = tfy.TFYOCPanModelDemoTests;
				PRODUCT_NAME = "$(TARGET_NAME)";
				SWIFT_EMIT_LOC_STRINGS = NO;
				TARGETED_DEVICE_FAMILY = "1,2";
				TEST_HOST = "$(BUILT_PRODUCTS_DIR)/TFYOCPanModelDemo.app/$(BUNDLE_EXECUTABLE_FOLDER_PATH)/TFYOCPanModelDemo";
			};
			name = Release;
		};
		849928622E2679D40069E0F2 /* Debug */ = {
			isa = XCBuildConfiguration;
			baseConfigurationReference = 551B85C5C99FA57D156C41FF /* Pods-TFYOCPanModelDemo-TFYOCPanModelDemoUITests.debug.xcconfig */;
			buildSettings = {
				CODE_SIGN_STYLE = Automatic;
				CURRENT_PROJECT_VERSION = 1;
				DEVELOPMENT_TEAM = QH95759TSS;
				GENERATE_INFOPLIST_FILE = YES;
				IPHONEOS_DEPLOYMENT_TARGET = 15.0;
				MARKETING_VERSION = 1.0;
				PRODUCT_BUNDLE_IDENTIFIER = tfy.TFYOCPanModelDemoUITests;
				PRODUCT_NAME = "$(TARGET_NAME)";
				SWIFT_EMIT_LOC_STRINGS = NO;
				TARGETED_DEVICE_FAMILY = "1,2";
				TEST_TARGET_NAME = TFYOCPanModelDemo;
			};
			name = Debug;
		};
		849928632E2679D40069E0F2 /* Release */ = {
			isa = XCBuildConfiguration;
			baseConfigurationReference = A836CC9FBA35F1F345BD2DB6 /* Pods-TFYOCPanModelDemo-TFYOCPanModelDemoUITests.release.xcconfig */;
			buildSettings = {
				CODE_SIGN_STYLE = Automatic;
				CURRENT_PROJECT_VERSION = 1;
				DEVELOPMENT_TEAM = QH95759TSS;
				GENERATE_INFOPLIST_FILE = YES;
				IPHONEOS_DEPLOYMENT_TARGET = 15.0;
				MARKETING_VERSION = 1.0;
				PRODUCT_BUNDLE_IDENTIFIER = tfy.TFYOCPanModelDemoUITests;
				PRODUCT_NAME = "$(TARGET_NAME)";
				SWIFT_EMIT_LOC_STRINGS = NO;
				TARGETED_DEVICE_FAMILY = "1,2";
				TEST_TARGET_NAME = TFYOCPanModelDemo;
			};
			name = Release;
		};
/* End XCBuildConfiguration section */

/* Begin XCConfigurationList section */
		849928262E2679D20069E0F2 /* Build configuration list for PBXProject "TFYOCPanModelDemo" */ = {
			isa = XCConfigurationList;
			buildConfigurations = (
				8499285C2E2679D40069E0F2 /* Debug */,
				8499285D2E2679D40069E0F2 /* Release */,
			);
			defaultConfigurationIsVisible = 0;
			defaultConfigurationName = Release;
		};
		849928592E2679D40069E0F2 /* Build configuration list for PBXNativeTarget "TFYOCPanModelDemo" */ = {
			isa = XCConfigurationList;
			buildConfigurations = (
				8499285A2E2679D40069E0F2 /* Debug */,
				8499285B2E2679D40069E0F2 /* Release */,
			);
			defaultConfigurationIsVisible = 0;
			defaultConfigurationName = Release;
		};
		8499285E2E2679D40069E0F2 /* Build configuration list for PBXNativeTarget "TFYOCPanModelDemoTests" */ = {
			isa = XCConfigurationList;
			buildConfigurations = (
				8499285F2E2679D40069E0F2 /* Debug */,
				849928602E2679D40069E0F2 /* Release */,
			);
			defaultConfigurationIsVisible = 0;
			defaultConfigurationName = Release;
		};
		849928612E2679D40069E0F2 /* Build configuration list for PBXNativeTarget "TFYOCPanModelDemoUITests" */ = {
			isa = XCConfigurationList;
			buildConfigurations = (
				849928622E2679D40069E0F2 /* Debug */,
				849928632E2679D40069E0F2 /* Release */,
			);
			defaultConfigurationIsVisible = 0;
			defaultConfigurationName = Release;
		};
/* End XCConfigurationList section */
	};
	rootObject = 849928232E2679D20069E0F2 /* Project object */;
}
